
Microsoft Visual Studio Solution File, Format Version 12.00
# Visual Studio Version 16
VisualStudioVersion = 16.0.30804.86
MinimumVisualStudioVersion = 10.0.40219.1
Project("{FAE04EC0-301F-11D3-BF4B-00C04F79EFBC}") = "91- Goto Statement", "91- Goto Statement.csproj", "{9DA9D6F2-0278-496B-BE56-D076AD661BE5}"
EndProject
Global
	GlobalSection(SolutionConfigurationPlatforms) = preSolution
		Debug|Any CPU = Debug|Any CPU
		Release|Any CPU = Release|Any CPU
	EndGlobalSection
	GlobalSection(ProjectConfigurationPlatforms) = postSolution
		{9DA9D6F2-0278-496B-BE56-D076AD661BE5}.Debug|Any CPU.ActiveCfg = Debug|Any CPU
		{9DA9D6F2-0278-496B-BE56-D076AD661BE5}.Debug|Any CPU.Build.0 = Debug|Any CPU
		{9DA9D6F2-0278-496B-BE56-D076AD661BE5}.Release|Any CPU.ActiveCfg = Release|Any CPU
		{9DA9D6F2-0278-496B-BE56-D076AD661BE5}.Release|Any CPU.Build.0 = Release|Any CPU
	EndGlobalSection
	GlobalSection(SolutionProperties) = preSolution
		HideSolutionNode = FALSE
	EndGlobalSection
	GlobalSection(ExtensibilityGlobals) = postSolution
		SolutionGuid = {8A7D886B-EC5B-4BE9-8AEB-72C07D9E2002}
	EndGlobalSection
EndGlobal
