
Microsoft Visual Studio Solution File, Format Version 12.00
# Visual Studio Version 16
VisualStudioVersion = 16.0.30523.141
MinimumVisualStudioVersion = 10.0.40219.1
Project("{FAE04EC0-301F-11D3-BF4B-00C04F79EFBC}") = "51 - Enums Variables and Challenge 20", "51 - Enums Variables and Challenge 20.csproj", "{68A28ED7-1CAD-4B18-9FE5-89E07349F23A}"
EndProject
Global
	GlobalSection(SolutionConfigurationPlatforms) = preSolution
		Debug|Any CPU = Debug|Any CPU
		Release|Any CPU = Release|Any CPU
	EndGlobalSection
	GlobalSection(ProjectConfigurationPlatforms) = postSolution
		{68A28ED7-1CAD-4B18-9FE5-89E07349F23A}.Debug|Any CPU.ActiveCfg = Debug|Any CPU
		{68A28ED7-1CAD-4B18-9FE5-89E07349F23A}.Debug|Any CPU.Build.0 = Debug|Any CPU
		{68A28ED7-1CAD-4B18-9FE5-89E07349F23A}.Release|Any CPU.ActiveCfg = Release|Any CPU
		{68A28ED7-1CAD-4B18-9FE5-89E07349F23A}.Release|Any CPU.Build.0 = Release|Any CPU
	EndGlobalSection
	GlobalSection(SolutionProperties) = preSolution
		HideSolutionNode = FALSE
	EndGlobalSection
	GlobalSection(ExtensibilityGlobals) = postSolution
		SolutionGuid = {2D04DBB7-A857-4DBF-AAF2-A5F292D31826}
	EndGlobalSection
EndGlobal
