
Microsoft Visual Studio Solution File, Format Version 12.00
# Visual Studio Version 16
VisualStudioVersion = 16.0.30523.141
MinimumVisualStudioVersion = 10.0.40219.1
Project("{FAE04EC0-301F-11D3-BF4B-00C04F79EFBC}") = "69- Variable Scope in Structures", "69- Variable Scope in Structures.csproj", "{12A9CE14-9292-4EEF-910F-3D45D979A124}"
EndProject
Global
	GlobalSection(SolutionConfigurationPlatforms) = preSolution
		Debug|Any CPU = Debug|Any CPU
		Release|Any CPU = Release|Any CPU
	EndGlobalSection
	GlobalSection(ProjectConfigurationPlatforms) = postSolution
		{12A9CE14-9292-4EEF-910F-3D45D979A124}.Debug|Any CPU.ActiveCfg = Debug|Any CPU
		{12A9CE14-9292-4EEF-910F-3D45D979A124}.Debug|Any CPU.Build.0 = Debug|Any CPU
		{12A9CE14-9292-4EEF-910F-3D45D979A124}.Release|Any CPU.ActiveCfg = Release|Any CPU
		{12A9CE14-9292-4EEF-910F-3D45D979A124}.Release|Any CPU.Build.0 = Release|Any CPU
	EndGlobalSection
	GlobalSection(SolutionProperties) = preSolution
		HideSolutionNode = FALSE
	EndGlobalSection
	GlobalSection(ExtensibilityGlobals) = postSolution
		SolutionGuid = {5A25B4B2-E98D-4B95-BF2C-31F1D6391848}
	EndGlobalSection
EndGlobal
