
Microsoft Visual Studio Solution File, Format Version 12.00
# Visual Studio Version 16
VisualStudioVersion = 16.0.30523.141
MinimumVisualStudioVersion = 10.0.40219.1
Project("{FAE04EC0-301F-11D3-BF4B-00C04F79EFBC}") = "57- Multidimensional Array", "57- Multidimensional Array.csproj", "{558983C8-353D-40CA-AB66-70A68DCFD4C4}"
EndProject
Global
	GlobalSection(SolutionConfigurationPlatforms) = preSolution
		Debug|Any CPU = Debug|Any CPU
		Release|Any CPU = Release|Any CPU
	EndGlobalSection
	GlobalSection(ProjectConfigurationPlatforms) = postSolution
		{558983C8-353D-40CA-AB66-70A68DCFD4C4}.Debug|Any CPU.ActiveCfg = Debug|Any CPU
		{558983C8-353D-40CA-AB66-70A68DCFD4C4}.Debug|Any CPU.Build.0 = Debug|Any CPU
		{558983C8-353D-40CA-AB66-70A68DCFD4C4}.Release|Any CPU.ActiveCfg = Release|Any CPU
		{558983C8-353D-40CA-AB66-70A68DCFD4C4}.Release|Any CPU.Build.0 = Release|Any CPU
	EndGlobalSection
	GlobalSection(SolutionProperties) = preSolution
		HideSolutionNode = FALSE
	EndGlobalSection
	GlobalSection(ExtensibilityGlobals) = postSolution
		SolutionGuid = {4C58C13D-EFC5-488B-9FC0-2C3BFDB61BE4}
	EndGlobalSection
EndGlobal
