
Microsoft Visual Studio Solution File, Format Version 12.00
# Visual Studio Version 16
VisualStudioVersion = 16.0.30523.141
MinimumVisualStudioVersion = 10.0.40219.1
Project("{FAE04EC0-301F-11D3-BF4B-00C04F79EFBC}") = "61-Trim Function2 and Pads Functions", "61-Trim Function2 and Pads Functions.csproj", "{91E0D828-2887-4893-B899-0F1301A734EA}"
EndProject
Global
	GlobalSection(SolutionConfigurationPlatforms) = preSolution
		Debug|Any CPU = Debug|Any CPU
		Release|Any CPU = Release|Any CPU
	EndGlobalSection
	GlobalSection(ProjectConfigurationPlatforms) = postSolution
		{91E0D828-2887-4893-B899-0F1301A734EA}.Debug|Any CPU.ActiveCfg = Debug|Any CPU
		{91E0D828-2887-4893-B899-0F1301A734EA}.Debug|Any CPU.Build.0 = Debug|Any CPU
		{91E0D828-2887-4893-B899-0F1301A734EA}.Release|Any CPU.ActiveCfg = Release|Any CPU
		{91E0D828-2887-4893-B899-0F1301A734EA}.Release|Any CPU.Build.0 = Release|Any CPU
	EndGlobalSection
	GlobalSection(SolutionProperties) = preSolution
		HideSolutionNode = FALSE
	EndGlobalSection
	GlobalSection(ExtensibilityGlobals) = postSolution
		SolutionGuid = {DAC1A311-B640-41D6-AAAD-6BAC9BE018AE}
	EndGlobalSection
EndGlobal
