
Microsoft Visual Studio Solution File, Format Version 12.00
# Visual Studio Version 16
VisualStudioVersion = 16.0.30804.86
MinimumVisualStudioVersion = 10.0.40219.1
Project("{FAE04EC0-301F-11D3-BF4B-00C04F79EFBC}") = "32 Revision on 32- Boolean Operatorors", "32 Revision on 32- Boolean Operatorors.csproj", "{10A03B40-A4D1-49A0-BABF-D75CC5D2A795}"
EndProject
Global
	GlobalSection(SolutionConfigurationPlatforms) = preSolution
		Debug|Any CPU = Debug|Any CPU
		Release|Any CPU = Release|Any CPU
	EndGlobalSection
	GlobalSection(ProjectConfigurationPlatforms) = postSolution
		{10A03B40-A4D1-49A0-BABF-D75CC5D2A795}.Debug|Any CPU.ActiveCfg = Debug|Any CPU
		{10A03B40-A4D1-49A0-BABF-D75CC5D2A795}.Debug|Any CPU.Build.0 = Debug|Any CPU
		{10A03B40-A4D1-49A0-BABF-D75CC5D2A795}.Release|Any CPU.ActiveCfg = Release|Any CPU
		{10A03B40-A4D1-49A0-BABF-D75CC5D2A795}.Release|Any CPU.Build.0 = Release|Any CPU
	EndGlobalSection
	GlobalSection(SolutionProperties) = preSolution
		HideSolutionNode = FALSE
	EndGlobalSection
	GlobalSection(ExtensibilityGlobals) = postSolution
		SolutionGuid = {1C3187E8-C4F5-4BD1-8C65-114A07A78340}
	EndGlobalSection
EndGlobal
