
Microsoft Visual Studio Solution File, Format Version 12.00
# Visual Studio Version 16
VisualStudioVersion = 16.0.30804.86
MinimumVisualStudioVersion = 10.0.40219.1
Project("{FAE04EC0-301F-11D3-BF4B-00C04F79EFBC}") = "42- Revision Nested Loop and Challenge", "42- Revision Nested Loop and Challenge.csproj", "{FDDD9BEA-5D05-4FE2-9781-36F268F9AFF1}"
EndProject
Global
	GlobalSection(SolutionConfigurationPlatforms) = preSolution
		Debug|Any CPU = Debug|Any CPU
		Release|Any CPU = Release|Any CPU
	EndGlobalSection
	GlobalSection(ProjectConfigurationPlatforms) = postSolution
		{FDDD9BEA-5D05-4FE2-9781-36F268F9AFF1}.Debug|Any CPU.ActiveCfg = Debug|Any CPU
		{FDDD9BEA-5D05-4FE2-9781-36F268F9AFF1}.Debug|Any CPU.Build.0 = Debug|Any CPU
		{FDDD9BEA-5D05-4FE2-9781-36F268F9AFF1}.Release|Any CPU.ActiveCfg = Release|Any CPU
		{FDDD9BEA-5D05-4FE2-9781-36F268F9AFF1}.Release|Any CPU.Build.0 = Release|Any CPU
	EndGlobalSection
	GlobalSection(SolutionProperties) = preSolution
		HideSolutionNode = FALSE
	EndGlobalSection
	GlobalSection(ExtensibilityGlobals) = postSolution
		SolutionGuid = {C6981E9E-53EF-45A4-8048-86240DAA4A07}
	EndGlobalSection
EndGlobal
