
Microsoft Visual Studio Solution File, Format Version 12.00
# Visual Studio Version 16
VisualStudioVersion = 16.0.30523.141
MinimumVisualStudioVersion = 10.0.40219.1
Project("{FAE04EC0-301F-11D3-BF4B-00C04F79EFBC}") = "55- Array Of String and Array Length", "55- Array Of String and Array Length.csproj", "{4C1600E2-C9C8-4C7A-B00F-E72AA2B8BE94}"
EndProject
Global
	GlobalSection(SolutionConfigurationPlatforms) = preSolution
		Debug|Any CPU = Debug|Any CPU
		Release|Any CPU = Release|Any CPU
	EndGlobalSection
	GlobalSection(ProjectConfigurationPlatforms) = postSolution
		{4C1600E2-C9C8-4C7A-B00F-E72AA2B8BE94}.Debug|Any CPU.ActiveCfg = Debug|Any CPU
		{4C1600E2-C9C8-4C7A-B00F-E72AA2B8BE94}.Debug|Any CPU.Build.0 = Debug|Any CPU
		{4C1600E2-C9C8-4C7A-B00F-E72AA2B8BE94}.Release|Any CPU.ActiveCfg = Release|Any CPU
		{4C1600E2-C9C8-4C7A-B00F-E72AA2B8BE94}.Release|Any CPU.Build.0 = Release|Any CPU
	EndGlobalSection
	GlobalSection(SolutionProperties) = preSolution
		HideSolutionNode = FALSE
	EndGlobalSection
	GlobalSection(ExtensibilityGlobals) = postSolution
		SolutionGuid = {CE20B759-41C6-476A-9496-E77CD7D7FA7B}
	EndGlobalSection
EndGlobal
