
Microsoft Visual Studio Solution File, Format Version 12.00
# Visual Studio Version 16
VisualStudioVersion = 16.0.30517.126
MinimumVisualStudioVersion = 10.0.40219.1
Project("{FAE04EC0-301F-11D3-BF4B-00C04F79EFBC}") = "45 - Implicit Conversion Operations", "45 - Implicit Conversion Operations.csproj", "{FD9F5F30-DBB0-44AA-BC70-205C7B30CDF3}"
EndProject
Global
	GlobalSection(SolutionConfigurationPlatforms) = preSolution
		Debug|Any CPU = Debug|Any CPU
		Release|Any CPU = Release|Any CPU
	EndGlobalSection
	GlobalSection(ProjectConfigurationPlatforms) = postSolution
		{FD9F5F30-DBB0-44AA-BC70-205C7B30CDF3}.Debug|Any CPU.ActiveCfg = Debug|Any CPU
		{FD9F5F30-DBB0-44AA-BC70-205C7B30CDF3}.Debug|Any CPU.Build.0 = Debug|Any CPU
		{FD9F5F30-DBB0-44AA-BC70-205C7B30CDF3}.Release|Any CPU.ActiveCfg = Release|Any CPU
		{FD9F5F30-DBB0-44AA-BC70-205C7B30CDF3}.Release|Any CPU.Build.0 = Release|Any CPU
	EndGlobalSection
	GlobalSection(SolutionProperties) = preSolution
		HideSolutionNode = FALSE
	EndGlobalSection
	GlobalSection(ExtensibilityGlobals) = postSolution
		SolutionGuid = {1C1C9C2C-F0FD-42A3-BF2D-32F5789DAE51}
	EndGlobalSection
EndGlobal
